github.com/gethugothemes/hugo-modules/adsense v0.0.0-20260506045356-8668811322e7 h1:32HeVMRkZNPXPO6HHU5yNzipn7kdIRaFITqYHKy7bo8=
github.com/gethugothemes/hugo-modules/adsense v0.0.0-20260506045356-8668811322e7/go.mod h1:8p/gG/cyyu20z4q5cFN/JGE5TOFA55Xsp+aIP9KCsqo=
github.com/gethugothemes/hugo-modules/components/cookie-consent v0.0.0-20260506045356-8668811322e7 h1:ZaSN6vJir6MKSAJJVHWfHy5IGq92tNLAKu9b9CUwadI=
github.com/gethugothemes/hugo-modules/components/cookie-consent v0.0.0-20260506045356-8668811322e7/go.mod h1:511ERLpGe3ZTfV2z/NAtUSR5NqKF26h9z5lU/zYV4YQ=
github.com/gethugothemes/hugo-modules/components/crisp-chat v0.0.0-20260506045356-8668811322e7 h1:m1b2Ew22PhOI3VYV7k8iYmePO7iB6NkmeqwO+0Aqu8Y=
github.com/gethugothemes/hugo-modules/components/crisp-chat v0.0.0-20260506045356-8668811322e7/go.mod h1:qiV/PIeVY59RD2W885rFWc7b62uovQZO6VPFHeP5LT0=
github.com/gethugothemes/hugo-modules/components/custom-script v0.0.0-20260506045356-8668811322e7 h1:fubQAFzbt17Oihd3l2qHXuYQDC71d1XxuUpspbMA67Q=
github.com/gethugothemes/hugo-modules/components/custom-script v0.0.0-20260506045356-8668811322e7/go.mod h1:RuDHq4WnK8sNEzAIJr4BZQ7oXhzcct/EKaAxc2Xvi9E=
github.com/gethugothemes/hugo-modules/components/preloader v0.0.0-20260506045356-8668811322e7 h1:KzVlUXYqSjHdKfYSInPvJRixvBBAgveYNR4RmYDPrhM=
github.com/gethugothemes/hugo-modules/components/preloader v0.0.0-20260506045356-8668811322e7/go.mod h1:FP0iQ3tMOesuWFZhLst2KEvUEYPb5Jk1GW+QBP9lrwg=
github.com/gethugothemes/hugo-modules/components/render-link v0.0.0-20260506045356-8668811322e7 h1:1p9aY3v9nohzsWOMEQEkYht0sJrc+g/5ET+w3eP0jfM=
github.com/gethugothemes/hugo-modules/components/render-link v0.0.0-20260506045356-8668811322e7/go.mod h1:z3YcIeEBUonAoRDY1/Jv1ojNVkZ5ud35a0Nn8L4Inx0=
github.com/gethugothemes/hugo-modules/gzip-caching v0.0.0-20260506045356-8668811322e7 h1:v71AHzffywxlIIvdcsAExOEVCa79d34t7UDvrnWzIWU=
github.com/gethugothemes/hugo-modules/gzip-caching v0.0.0-20260506045356-8668811322e7/go.mod h1:0ZMjTZVG4XLZU2/icc8Saqo4mmgMpfRTrUZU2Aa2Pwg=
github.com/gethugothemes/hugo-modules/icons/font-awesome v0.0.0-20260506045356-8668811322e7 h1:yJeUsC2NBlF6GXiTd/Xzp3b/IEH52Vs++GSOM2kEKFo=
github.com/gethugothemes/hugo-modules/icons/font-awesome v0.0.0-20260506045356-8668811322e7/go.mod h1:d3gy1vQyfasPmGpau7HpQLrXbOv23PfXclSnjyOBxeU=
github.com/gethugothemes/hugo-modules/images v0.0.0-20260506045356-8668811322e7 h1:/L2yRDxUkfQVutwU5C8xgS0YEpLBKbNsixjUm8oQkik=
github.com/gethugothemes/hugo-modules/images v0.0.0-20260506045356-8668811322e7/go.mod h1:FKliP3qOW9diIcQeLtyZ0Hdhg3PL8bdAkC/6O+XtU90=
github.com/gethugothemes/hugo-modules/pwa v0.0.0-20260506045356-8668811322e7 h1:h4Njserc66vzl4YF5SCZmVJPtMeAgl8mXwc4k+hvMKo=
github.com/gethugothemes/hugo-modules/pwa v0.0.0-20260506045356-8668811322e7/go.mod h1:TRv7iszdfo37O1PbBEE+S8X/enAdpRIxK5DGrp13Qbo=
github.com/gethugothemes/hugo-modules/seo-tools/baidu-analytics v0.0.0-20260506045356-8668811322e7 h1:8v/Iv+ms8SuzEaHprZ2XGNXattGNBIpFCxPTNlLZDQ0=
github.com/gethugothemes/hugo-modules/seo-tools/baidu-analytics v0.0.0-20260506045356-8668811322e7/go.mod h1:D/bbq2hSHE+r582zpC3rEdvuk8GufDnq9sGL3xCk/C0=
github.com/gethugothemes/hugo-modules/seo-tools/basic-seo v0.0.0-20260506045356-8668811322e7 h1:L00CrFUKOtXARLUe08anZNeh7Y71dD4N2Z/0ZRU/c5s=
github.com/gethugothemes/hugo-modules/seo-tools/basic-seo v0.0.0-20260506045356-8668811322e7/go.mod h1:Q8dPgjamV7pxwKSQyWV21Xwh5CGi23/k+M8HPTphYbs=
github.com/gethugothemes/hugo-modules/seo-tools/counter-analytics v0.0.0-20260506045356-8668811322e7 h1:L5KqWujEgaWl+CDXBy6g1MFwa3NAUN8FA5t0Ll++eKg=
github.com/gethugothemes/hugo-modules/seo-tools/counter-analytics v0.0.0-20260506045356-8668811322e7/go.mod h1:3kPooRg0PWUkciccThPQbBvIpTfSCo7W9mc3a5GxXHs=
github.com/gethugothemes/hugo-modules/seo-tools/google-tag-manager v0.0.0-20260506045356-8668811322e7 h1:XF+txAgQ3ulEKRUhRXXTGFgos4jC8ZBaRlCodVFOfq8=
github.com/gethugothemes/hugo-modules/seo-tools/google-tag-manager v0.0.0-20260506045356-8668811322e7/go.mod h1:cCq50yd55eFTrpqOfeyOK5X0hU5E7qxsqOD7IzTsgLA=
github.com/gethugothemes/hugo-modules/seo-tools/matomo-analytics v0.0.0-20260506045356-8668811322e7 h1:hqkuYPLEOGWQxF1xVMJIMlkfBKKUqrB0RKQUGSDN9Y4=
github.com/gethugothemes/hugo-modules/seo-tools/matomo-analytics v0.0.0-20260506045356-8668811322e7/go.mod h1:P2GLltWjXFBJlatFKh4l6WOBszW7+f09myLkZoBBgEs=
github.com/gethugothemes/hugo-modules/seo-tools/plausible-analytics v0.0.0-20260506045356-8668811322e7 h1:X7cArVnEbeLZfHqM9877xkkQsg21UydvC3UZ0C/3x4w=
github.com/gethugothemes/hugo-modules/seo-tools/plausible-analytics v0.0.0-20260506045356-8668811322e7/go.mod h1:MOJtK8ttzyqQiqs0xQkk6xgPaxGbcH7WI5thobpNvqg=
github.com/gethugothemes/hugo-modules/seo-tools/site-verifications v0.0.0-20260506045356-8668811322e7 h1:OcSdx4ezK6j9hB/OjM++knhoasVV1gGBmSZK+4tlNX0=
github.com/gethugothemes/hugo-modules/seo-tools/site-verifications v0.0.0-20260506045356-8668811322e7/go.mod h1:iXielaya126qJscz7Bc2G2WB91moloQOoWru6UoBUyE=
github.com/gethugothemes/hugo-modules/shortcodes/buttons v0.0.0-20230313092143-f64bf5d4e8b4 h1:JmlwnIJDeV0Lfp+2kJ+iOQZi30lcETviOC3vWHfLrg0=
github.com/gethugothemes/hugo-modules/shortcodes/buttons v0.0.0-20230313092143-f64bf5d4e8b4/go.mod h1:hK/aFl0KkirVRFYnljg3c0qBAOwk4W5Isd+YN7UDMvg=
github.com/gethugothemes/hugo-modules/shortcodes/codepen v0.0.0-20260506045356-8668811322e7 h1:gIiWkS/26tLwQxDhGmpK7t+xqJQ9wOeY92JNBn+zwPo=
github.com/gethugothemes/hugo-modules/shortcodes/codepen v0.0.0-20260506045356-8668811322e7/go.mod h1:Y4eAJ7fkCSC6k6fl1+qF4DIoRepAYyB9Om4kBCAixcg=
github.com/gethugothemes/hugo-modules/shortcodes/collapse v0.0.0-20230313092143-f64bf5d4e8b4 h1:bNy7joXGCjVrBe3fPElR89N2YnfPb1eSI69JhJxrUpA=
github.com/gethugothemes/hugo-modules/shortcodes/collapse v0.0.0-20230313092143-f64bf5d4e8b4/go.mod h1:rBCFuR+QzMk0S1npR0zVDzgocFncOmyxWToJlRw4ZxU=
github.com/gethugothemes/hugo-modules/shortcodes/image v0.0.0-20230313092143-f64bf5d4e8b4 h1:ZjfW2VRTGYrIdrEJBmuwT+8llM07DRqXR2Fm4vJAYBk=
github.com/gethugothemes/hugo-modules/shortcodes/image v0.0.0-20230313092143-f64bf5d4e8b4/go.mod h1:CvUvHWRzyxRgElLI2cyo9ZYAqExHsKjCiITbuVsKkuE=
github.com/gethugothemes/hugo-modules/shortcodes/notice v0.0.0-20260506045356-8668811322e7 h1:FXCDrfSZnXWEJOMn1K19BacKECwj+78WC5d02K7T2z8=
github.com/gethugothemes/hugo-modules/shortcodes/notice v0.0.0-20260506045356-8668811322e7/go.mod h1:ljWyMJx82WA+6SlKjbGFhEdxcriyvUTCjXkJHDa4lho=
github.com/gethugothemes/hugo-modules/shortcodes/table-of-contents v0.0.0-20230313092143-f64bf5d4e8b4 h1:bo3So161qD8k6FDOkPyLT60ZFwY+zNKF+BkhgCjmoUc=
github.com/gethugothemes/hugo-modules/shortcodes/table-of-contents v0.0.0-20230313092143-f64bf5d4e8b4/go.mod h1:LKCp/rg9cHtfjHpIEYmpR8kuauI8JNN79nmdkFURXp0=
github.com/gethugothemes/hugo-modules/shortcodes/tabs v0.0.0-20230313092143-f64bf5d4e8b4 h1:4EFbSUKgcjPf/rjdI8tCzBAorfRwvygxt5+B1UE+89U=
github.com/gethugothemes/hugo-modules/shortcodes/tabs v0.0.0-20230313092143-f64bf5d4e8b4/go.mod h1:zaQhvQgsSOWfSm/zP3NbWWEfrxgrcdpBblljz2IA2vA=
github.com/gethugothemes/hugo-modules/shortcodes/video v0.0.0-20230313092143-f64bf5d4e8b4 h1:lMXIKhRfSJOu7jHzOppVk3xqMzPXlDVkg4BrdF7aR/M=
github.com/gethugothemes/hugo-modules/shortcodes/video v0.0.0-20230313092143-f64bf5d4e8b4/go.mod h1:s5CHMBd7/NalnckFfRhZJvqXPY/QTrluDvRgZm7+Cr0=
github.com/gethugothemes/hugo-modules/shortcodes/vimeo-lite v0.0.0-20230313092143-f64bf5d4e8b4 h1:XOdl6ZqLGEqqcvTQ1aYwORXH5nJNK5IA91o1DWETVDI=
github.com/gethugothemes/hugo-modules/shortcodes/vimeo-lite v0.0.0-20230313092143-f64bf5d4e8b4/go.mod h1:Ac9Ell5o+JV5DZ9dBgW767ZcSvoz/x+2UuFLvMoThwk=
github.com/gethugothemes/hugo-modules/shortcodes/youtube-lite v0.0.0-20230313092143-f64bf5d4e8b4 h1:ZZktr/62t7UlLnFBht2YqmiVEQhCEnZI1skId13feZM=
github.com/gethugothemes/hugo-modules/shortcodes/youtube-lite v0.0.0-20230313092143-f64bf5d4e8b4/go.mod h1:DtWNw6au8NQg1Y0x470DstCHqjWZPnwm61Uu6ZIMy50=
github.com/gohugoio/hugo-mod-bootstrap-scss/v5 v5.20300.20800 h1:j5myhhzYwIHTr5ctK96Elfgp5uRROvrlTzYwwe1nF8o=
github.com/gohugoio/hugo-mod-bootstrap-scss/v5 v5.20300.20800/go.mod h1:P5GGyhdxi00C5zW7vkRo/IS532gZY/YS2TS395Xaxho=
github.com/gohugoio/hugo-mod-jslibs-dist/popperjs/v2 v2.21100.20000 h1:GZxx4Hc+yb0/t3/rau1j8XlAxLE4CyXns2fqQbyqWfs=
github.com/gohugoio/hugo-mod-jslibs-dist/popperjs/v2 v2.21100.20000/go.mod h1:mFberT6ZtcchrsDtfvJM7aAH2bDKLdOnruUHl0hlapI=
github.com/twbs/bootstrap v5.3.8+incompatible h1:eK1fsXP7R/FWFt+sSNmmvUH9usPocf240nWVw7Dh02o=
github.com/twbs/bootstrap v5.3.8+incompatible/go.mod h1:fZTSrkpSf0/HkL0IIJzvVspTt1r9zuf7XlZau8kpcY0=
